// !$*UTF8*$!
{
	archiveVersion = 1;
	classes = {
	};
	objectVersion = 56;
	objects = {

/* Begin PBXBuildFile section */
		401F8BB42AC5A34D00D11958 /* AppDelegate.swift in Sources */ = {isa = PBXBuildFile; fileRef = 401F8BB32AC5A34D00D11958 /* AppDelegate.swift */; };
		401F8BB62AC5A34D00D11958 /* SceneDelegate.swift in Sources */ = {isa = PBXBuildFile; fileRef = 401F8BB52AC5A34D00D11958 /* SceneDelegate.swift */; };
		401F8BB82AC5A34D00D11958 /* ViewController.swift in Sources */ = {isa = PBXBuildFile; fileRef = 401F8BB72AC5A34D00D11958 /* ViewController.swift */; };
		401F8BBB2AC5A34D00D11958 /* Main.storyboard in Resources */ = {isa = PBXBuildFile; fileRef = 401F8BB92AC5A34D00D11958 /* Main.storyboard */; };
		401F8BBD2AC5A34E00D11958 /* Assets.xcassets in Resources */ = {isa = PBXBuildFile; fileRef = 401F8BBC2AC5A34E00D11958 /* Assets.xcassets */; };
		401F8BC02AC5A34E00D11958 /* LaunchScreen.storyboard in Resources */ = {isa = PBXBuildFile; fileRef = 401F8BBE2AC5A34E00D11958 /* LaunchScreen.storyboard */; };
		401F8BCB2AC5A34E00D11958 /* CalculatorTests.swift in Sources */ = {isa = PBXBuildFile; fileRef = 401F8BCA2AC5A34E00D11958 /* CalculatorTests.swift */; };
		401F8BD52AC5A34E00D11958 /* CalculatorUITests.swift in Sources */ = {isa = PBXBuildFile; fileRef = 401F8BD42AC5A34E00D11958 /* CalculatorUITests.swift */; };
		401F8BD72AC5A34E00D11958 /* CalculatorUITestsLaunchTests.swift in Sources */ = {isa = PBXBuildFile; fileRef = 401F8BD62AC5A34E00D11958 /* CalculatorUITestsLaunchTests.swift */; };
/* End PBXBuildFile section */

/* Begin PBXContainerItemProxy section */
		401F8BC72AC5A34E00D11958 /* PBXContainerItemProxy */ = {
			isa = PBXContainerItemProxy;
			containerPortal = 401F8BA82AC5A34D00D11958 /* Project object */;
			proxyType = 1;
			remoteGlobalIDString = 401F8BAF2AC5A34D00D11958;
			remoteInfo = Calculator;
		};
		401F8BD12AC5A34E00D11958 /* PBXContainerItemProxy */ = {
			isa = PBXContainerItemProxy;
			containerPortal = 401F8BA82AC5A34D00D11958 /* Project object */;
			proxyType = 1;
			remoteGlobalIDString = 401F8BAF2AC5A34D00D11958;
			remoteInfo = Calculator;
		};
/* End PBXContainerItemProxy section */

/* Begin PBXFileReference section */
		401F8BB02AC5A34D00D11958 /* Calculator.app */ = {isa = PBXFileReference; explicitFileType = wrapper.application; includeInIndex = 0; path = Calculator.app; sourceTree = BUILT_PRODUCTS_DIR; };
		401F8BB32AC5A34D00D11958 /* AppDelegate.swift */ = {isa = PBXFileReference; lastKnownFileType = sourcecode.swift; path = AppDelegate.swift; sourceTree = "<group>"; };
		401F8BB52AC5A34D00D11958 /* SceneDelegate.swift */ = {isa = PBXFileReference; lastKnownFileType = sourcecode.swift; path = SceneDelegate.swift; sourceTree = "<group>"; };
		401F8BB72AC5A34D00D11958 /* ViewController.swift */ = {isa = PBXFileReference; lastKnownFileType = sourcecode.swift; path = ViewController.swift; sourceTree = "<group>"; };
		401F8BBA2AC5A34D00D11958 /* Base */ = {isa = PBXFileReference; lastKnownFileType = file.storyboard; name = Base; path = Base.lproj/Main.storyboard; sourceTree = "<group>"; };
		401F8BBC2AC5A34E00D11958 /* Assets.xcassets */ = {isa = PBXFileReference; lastKnownFileType = folder.assetcatalog; path = Assets.xcassets; sourceTree = "<group>"; };
		401F8BBF2AC5A34E00D11958 /* Base */ = {isa = PBXFileReference; lastKnownFileType = file.storyboard; name = Base; path = Base.lproj/LaunchScreen.storyboard; sourceTree = "<group>"; };
		401F8BC12AC5A34E00D11958 /* Info.plist */ = {isa = PBXFileReference; lastKnownFileType = text.plist.xml; path = Info.plist; sourceTree = "<group>"; };
		401F8BC62AC5A34E00D11958 /* CalculatorTests.xctest */ = {isa = PBXFileReference; explicitFileType = wrapper.cfbundle; includeInIndex = 0; path = CalculatorTests.xctest; sourceTree = BUILT_PRODUCTS_DIR; };
		401F8BCA2AC5A34E00D11958 /* CalculatorTests.swift */ = {isa = PBXFileReference; lastKnownFileType = sourcecode.swift; path = CalculatorTests.swift; sourceTree = "<group>"; };
		401F8BD02AC5A34E00D11958 /* CalculatorUITests.xctest */ = {isa = PBXFileReference; explicitFileType = wrapper.cfbundle; includeInIndex = 0; path = CalculatorUITests.xctest; sourceTree = BUILT_PRODUCTS_DIR; };
		401F8BD42AC5A34E00D11958 /* CalculatorUITests.swift */ = {isa = PBXFileReference; lastKnownFileType = sourcecode.swift; path = CalculatorUITests.swift; sourceTree = "<group>"; };
		401F8BD62AC5A34E00D11958 /* CalculatorUITestsLaunchTests.swift */ = {isa = PBXFileReference; lastKnownFileType = sourcecode.swift; path = CalculatorUITestsLaunchTests.swift; sourceTree = "<group>"; };
/* End PBXFileReference section */

/* Begin PBXFrameworksBuildPhase section */
		401F8BAD2AC5A34D00D11958 /* Frameworks */ = {
			isa = PBXFrameworksBuildPhase;
			buildActionMask = 2147483647;
			files = (
			);
			runOnlyForDeploymentPostprocessing = 0;
		};
		401F8BC32AC5A34E00D11958 /* Frameworks */ = {
			isa = PBXFrameworksBuildPhase;
			buildActionMask = 2147483647;
			files = (
			);
			runOnlyForDeploymentPostprocessing = 0;
		};
		401F8BCD2AC5A34E00D11958 /* Frameworks */ = {
			isa = PBXFrameworksBuildPhase;
			buildActionMask = 2147483647;
			files = (
			);
			runOnlyForDeploymentPostprocessing = 0;
		};
/* End PBXFrameworksBuildPhase section */

/* Begin PBXGroup section */
		401F8BA72AC5A34D00D11958 = {
			isa = PBXGroup;
			children = (
				401F8BB22AC5A34D00D11958 /* Calculator */,
				401F8BC92AC5A34E00D11958 /* CalculatorTests */,
				401F8BD32AC5A34E00D11958 /* CalculatorUITests */,
				401F8BB12AC5A34D00D11958 /* Products */,
			);
			sourceTree = "<group>";
		};
		401F8BB12AC5A34D00D11958 /* Products */ = {
			isa = PBXGroup;
			children = (
				401F8BB02AC5A34D00D11958 /* Calculator.app */,
				401F8BC62AC5A34E00D11958 /* CalculatorTests.xctest */,
				401F8BD02AC5A34E00D11958 /* CalculatorUITests.xctest */,
			);
			name = Products;
			sourceTree = "<group>";
		};
		401F8BB22AC5A34D00D11958 /* Calculator */ = {
			isa = PBXGroup;
			children = (
				401F8BB32AC5A34D00D11958 /* AppDelegate.swift */,
				401F8BB52AC5A34D00D11958 /* SceneDelegate.swift */,
				401F8BB72AC5A34D00D11958 /* ViewController.swift */,
				401F8BB92AC5A34D00D11958 /* Main.storyboard */,
				401F8BBC2AC5A34E00D11958 /* Assets.xcassets */,
				401F8BBE2AC5A34E00D11958 /* LaunchScreen.storyboard */,
				401F8BC12AC5A34E00D11958 /* Info.plist */,
			);
			path = Calculator;
			sourceTree = "<group>";
		};
		401F8BC92AC5A34E00D11958 /* CalculatorTests */ = {
			isa = PBXGroup;
			children = (
				401F8BCA2AC5A34E00D11958 /* CalculatorTests.swift */,
			);
			path = CalculatorTests;
			sourceTree = "<group>";
		};
		401F8BD32AC5A34E00D11958 /* CalculatorUITests */ = {
			isa = PBXGroup;
			children = (
				401F8BD42AC5A34E00D11958 /* CalculatorUITests.swift */,
				401F8BD62AC5A34E00D11958 /* CalculatorUITestsLaunchTests.swift */,
			);
			path = CalculatorUITests;
			sourceTree = "<group>";
		};
/* End PBXGroup section */

/* Begin PBXNativeTarget section */
		401F8BAF2AC5A34D00D11958 /* Calculator */ = {
			isa = PBXNativeTarget;
			buildConfigurationList = 401F8BDA2AC5A34E00D11958 /* Build configuration list for PBXNativeTarget "Calculator" */;
			buildPhases = (
				401F8BAC2AC5A34D00D11958 /* Sources */,
				401F8BAD2AC5A34D00D11958 /* Frameworks */,
				401F8BAE2AC5A34D00D11958 /* Resources */,
			);
			buildRules = (
			);
			dependencies = (
			);
			name = Calculator;
			productName = Calculator;
			productReference = 401F8BB02AC5A34D00D11958 /* Calculator.app */;
			productType = "com.apple.product-type.application";
		};
		401F8BC52AC5A34E00D11958 /* CalculatorTests */ = {
			isa = PBXNativeTarget;
			buildConfigurationList = 401F8BDD2AC5A34E00D11958 /* Build configuration list for PBXNativeTarget "CalculatorTests" */;
			buildPhases = (
				401F8BC22AC5A34E00D11958 /* Sources */,
				401F8BC32AC5A34E00D11958 /* Frameworks */,
				401F8BC42AC5A34E00D11958 /* Resources */,
			);
			buildRules = (
			);
			dependencies = (
				401F8BC82AC5A34E00D11958 /* PBXTargetDependency */,
			);
			name = CalculatorTests;
			productName = CalculatorTests;
			productReference = 401F8BC62AC5A34E00D11958 /* CalculatorTests.xctest */;
			productType = "com.apple.product-type.bundle.unit-test";
		};
		401F8BCF2AC5A34E00D11958 /* CalculatorUITests */ = {
			isa = PBXNativeTarget;
			buildConfigurationList = 401F8BE02AC5A34E00D11958 /* Build configuration list for PBXNativeTarget "CalculatorUITests" */;
			buildPhases = (
				401F8BCC2AC5A34E00D11958 /* Sources */,
				401F8BCD2AC5A34E00D11958 /* Frameworks */,
				401F8BCE2AC5A34E00D11958 /* Resources */,
			);
			buildRules = (
			);
			dependencies = (
				401F8BD22AC5A34E00D11958 /* PBXTargetDependency */,
			);
			name = CalculatorUITests;
			productName = CalculatorUITests;
			productReference = 401F8BD02AC5A34E00D11958 /* CalculatorUITests.xctest */;
			productType = "com.apple.product-type.bundle.ui-testing";
		};
/* End PBXNativeTarget section */

/* Begin PBXProject section */
		401F8BA82AC5A34D00D11958 /* Project object */ = {
			isa = PBXProject;
			attributes = {
				BuildIndependentTargetsInParallel = 1;
				LastSwiftUpdateCheck = 1430;
				LastUpgradeCheck = 1430;
				TargetAttributes = {
					401F8BAF2AC5A34D00D11958 = {
						CreatedOnToolsVersion = 14.3.1;
					};
					401F8BC52AC5A34E00D11958 = {
						CreatedOnToolsVersion = 14.3.1;
						TestTargetID = 401F8BAF2AC5A34D00D11958;
					};
					401F8BCF2AC5A34E00D11958 = {
						CreatedOnToolsVersion = 14.3.1;
						TestTargetID = 401F8BAF2AC5A34D00D11958;
					};
				};
			};
			buildConfigurationList = 401F8BAB2AC5A34D00D11958 /* Build configuration list for PBXProject "Calculator" */;
			compatibilityVersion = "Xcode 14.0";
			developmentRegion = en;
			hasScannedForEncodings = 0;
			knownRegions = (
				en,
				Base,
			);
			mainGroup = 401F8BA72AC5A34D00D11958;
			productRefGroup = 401F8BB12AC5A34D00D11958 /* Products */;
			projectDirPath = "";
			projectRoot = "";
			targets = (
				401F8BAF2AC5A34D00D11958 /* Calculator */,
				401F8BC52AC5A34E00D11958 /* CalculatorTests */,
				401F8BCF2AC5A34E00D11958 /* CalculatorUITests */,
			);
		};
/* End PBXProject section */

/* Begin PBXResourcesBuildPhase section */
		401F8BAE2AC5A34D00D11958 /* Resources */ = {
			isa = PBXResourcesBuildPhase;
			buildActionMask = 2147483647;
			files = (
				401F8BC02AC5A34E00D11958 /* LaunchScreen.storyboard in Resources */,
				401F8BBD2AC5A34E00D11958 /* Assets.xcassets in Resources */,
				401F8BBB2AC5A34D00D11958 /* Main.storyboard in Resources */,
			);
			runOnlyForDeploymentPostprocessing = 0;
		};
		401F8BC42AC5A34E00D11958 /* Resources */ = {
			isa = PBXResourcesBuildPhase;
			buildActionMask = 2147483647;
			files = (
			);
			runOnlyForDeploymentPostprocessing = 0;
		};
		401F8BCE2AC5A34E00D11958 /* Resources */ = {
			isa = PBXResourcesBuildPhase;
			buildActionMask = 2147483647;
			files = (
			);
			runOnlyForDeploymentPostprocessing = 0;
		};
/* End PBXResourcesBuildPhase section */

/* Begin PBXSourcesBuildPhase section */
		401F8BAC2AC5A34D00D11958 /* Sources */ = {
			isa = PBXSourcesBuildPhase;
			buildActionMask = 2147483647;
			files = (
				401F8BB82AC5A34D00D11958 /* ViewController.swift in Sources */,
				401F8BB42AC5A34D00D11958 /* AppDelegate.swift in Sources */,
				401F8BB62AC5A34D00D11958 /* SceneDelegate.swift in Sources */,
			);
			runOnlyForDeploymentPostprocessing = 0;
		};
		401F8BC22AC5A34E00D11958 /* Sources */ = {
			isa = PBXSourcesBuildPhase;
			buildActionMask = 2147483647;
			files = (
				401F8BCB2AC5A34E00D11958 /* CalculatorTests.swift in Sources */,
			);
			runOnlyForDeploymentPostprocessing = 0;
		};
		401F8BCC2AC5A34E00D11958 /* Sources */ = {
			isa = PBXSourcesBuildPhase;
			buildActionMask = 2147483647;
			files = (
				401F8BD72AC5A34E00D11958 /* CalculatorUITestsLaunchTests.swift in Sources */,
				401F8BD52AC5A34E00D11958 /* CalculatorUITests.swift in Sources */,
			);
			runOnlyForDeploymentPostprocessing = 0;
		};
/* End PBXSourcesBuildPhase section */

/* Begin PBXTargetDependency section */
		401F8BC82AC5A34E00D11958 /* PBXTargetDependency */ = {
			isa = PBXTargetDependency;
			target = 401F8BAF2AC5A34D00D11958 /* Calculator */;
			targetProxy = 401F8BC72AC5A34E00D11958 /* PBXContainerItemProxy */;
		};
		401F8BD22AC5A34E00D11958 /* PBXTargetDependency */ = {
			isa = PBXTargetDependency;
			target = 401F8BAF2AC5A34D00D11958 /* Calculator */;
			targetProxy = 401F8BD12AC5A34E00D11958 /* PBXContainerItemProxy */;
		};
/* End PBXTargetDependency section */

/* Begin PBXVariantGroup section */
		401F8BB92AC5A34D00D11958 /* Main.storyboard */ = {
			isa = PBXVariantGroup;
			children = (
				401F8BBA2AC5A34D00D11958 /* Base */,
			);
			name = Main.storyboard;
			sourceTree = "<group>";
		};
		401F8BBE2AC5A34E00D11958 /* LaunchScreen.storyboard */ = {
			isa = PBXVariantGroup;
			children = (
				401F8BBF2AC5A34E00D11958 /* Base */,
			);
			name = LaunchScreen.storyboard;
			sourceTree = "<group>";
		};
/* End PBXVariantGroup section */

/* Begin XCBuildConfiguration section */
		401F8BD82AC5A34E00D11958 /* Debug */ = {
			isa = XCBuildConfiguration;
			buildSettings = {
				ALWAYS_SEARCH_USER_PATHS = NO;
				CLANG_ANALYZER_NONNULL = YES;
				CLANG_ANALYZER_NUMBER_OBJECT_CONVERSION = YES_AGGRESSIVE;
				CLANG_CXX_LANGUAGE_STANDARD = "gnu++20";
				CLANG_ENABLE_MODULES = YES;
				CLANG_ENABLE_OBJC_ARC = YES;
				CLANG_ENABLE_OBJC_WEAK = YES;
				CLANG_WARN_BLOCK_CAPTURE_AUTORELEASING = YES;
				CLANG_WARN_BOOL_CONVERSION = YES;
				CLANG_WARN_COMMA = YES;
				CLANG_WARN_CONSTANT_CONVERSION = YES;
				CLANG_WARN_DEPRECATED_OBJC_IMPLEMENTATIONS = YES;
				CLANG_WARN_DIRECT_OBJC_ISA_USAGE = YES_ERROR;
				CLANG_WARN_DOCUMENTATION_COMMENTS = YES;
				CLANG_WARN_EMPTY_BODY = YES;
				CLANG_WARN_ENUM_CONVERSION = YES;
				CLANG_WARN_INFINITE_RECURSION = YES;
				CLANG_WARN_INT_CONVERSION = YES;
				CLANG_WARN_NON_LITERAL_NULL_CONVERSION = YES;
				CLANG_WARN_OBJC_IMPLICIT_RETAIN_SELF = YES;
				CLANG_WARN_OBJC_LITERAL_CONVERSION = YES;
				CLANG_WARN_OBJC_ROOT_CLASS = YES_ERROR;
				CLANG_WARN_QUOTED_INCLUDE_IN_FRAMEWORK_HEADER = YES;
				CLANG_WARN_RANGE_LOOP_ANALYSIS = YES;
				CLANG_WARN_STRICT_PROTOTYPES = YES;
				CLANG_WARN_SUSPICIOUS_MOVE = YES;
				CLANG_WARN_UNGUARDED_AVAILABILITY = YES_AGGRESSIVE;
				CLANG_WARN_UNREACHABLE_CODE = YES;
				CLANG_WARN__DUPLICATE_METHOD_MATCH = YES;
				COPY_PHASE_STRIP = NO;
				DEBUG_INFORMATION_FORMAT = dwarf;
				ENABLE_STRICT_OBJC_MSGSEND = YES;
				ENABLE_TESTABILITY = YES;
				GCC_C_LANGUAGE_STANDARD = gnu11;
				GCC_DYNAMIC_NO_PIC = NO;
				GCC_NO_COMMON_BLOCKS = YES;
				GCC_OPTIMIZATION_LEVEL = 0;
				GCC_PREPROCESSOR_DEFINITIONS = (
					"DEBUG=1",
					"$(inherited)",
				);
				GCC_WARN_64_TO_32_BIT_CONVERSION = YES;
				GCC_WARN_ABOUT_RETURN_TYPE = YES_ERROR;
				GCC_WARN_UNDECLARED_SELECTOR = YES;
				GCC_WARN_UNINITIALIZED_AUTOS = YES_AGGRESSIVE;
				GCC_WARN_UNUSED_FUNCTION = YES;
				GCC_WARN_UNUSED_VARIABLE = YES;
				IPHONEOS_DEPLOYMENT_TARGET = 16.4;
				MTL_ENABLE_DEBUG_INFO = INCLUDE_SOURCE;
				MTL_FAST_MATH = YES;
				ONLY_ACTIVE_ARCH = YES;
				SDKROOT = iphoneos;
				SWIFT_ACTIVE_COMPILATION_CONDITIONS = DEBUG;
				SWIFT_OPTIMIZATION_LEVEL = "-Onone";
			};
			name = Debug;
		};
		401F8BD92AC5A34E00D11958 /* Release */ = {
			isa = XCBuildConfiguration;
			buildSettings = {
				ALWAYS_SEARCH_USER_PATHS = NO;
				CLANG_ANALYZER_NONNULL = YES;
				CLANG_ANALYZER_NUMBER_OBJECT_CONVERSION = YES_AGGRESSIVE;
				CLANG_CXX_LANGUAGE_STANDARD = "gnu++20";
				CLANG_ENABLE_MODULES = YES;
				CLANG_ENABLE_OBJC_ARC = YES;
				CLANG_ENABLE_OBJC_WEAK = YES;
				CLANG_WARN_BLOCK_CAPTURE_AUTORELEASING = YES;
				CLANG_WARN_BOOL_CONVERSION = YES;
				CLANG_WARN_COMMA = YES;
				CLANG_WARN_CONSTANT_CONVERSION = YES;
				CLANG_WARN_DEPRECATED_OBJC_IMPLEMENTATIONS = YES;
				CLANG_WARN_DIRECT_OBJC_ISA_USAGE = YES_ERROR;
				CLANG_WARN_DOCUMENTATION_COMMENTS = YES;
				CLANG_WARN_EMPTY_BODY = YES;
				CLANG_WARN_ENUM_CONVERSION = YES;
				CLANG_WARN_INFINITE_RECURSION = YES;
				CLANG_WARN_INT_CONVERSION = YES;
				CLANG_WARN_NON_LITERAL_NULL_CONVERSION = YES;
				CLANG_WARN_OBJC_IMPLICIT_RETAIN_SELF = YES;
				CLANG_WARN_OBJC_LITERAL_CONVERSION = YES;
				CLANG_WARN_OBJC_ROOT_CLASS = YES_ERROR;
				CLANG_WARN_QUOTED_INCLUDE_IN_FRAMEWORK_HEADER = YES;
				CLANG_WARN_RANGE_LOOP_ANALYSIS = YES;
				CLANG_WARN_STRICT_PROTOTYPES = YES;
				CLANG_WARN_SUSPICIOUS_MOVE = YES;
				CLANG_WARN_UNGUARDED_AVAILABILITY = YES_AGGRESSIVE;
				CLANG_WARN_UNREACHABLE_CODE = YES;
				CLANG_WARN__DUPLICATE_METHOD_MATCH = YES;
				COPY_PHASE_STRIP = NO;
				DEBUG_INFORMATION_FORMAT = "dwarf-with-dsym";
				ENABLE_NS_ASSERTIONS = NO;
				ENABLE_STRICT_OBJC_MSGSEND = YES;
				GCC_C_LANGUAGE_STANDARD = gnu11;
				GCC_NO_COMMON_BLOCKS = YES;
				GCC_WARN_64_TO_32_BIT_CONVERSION = YES;
				GCC_WARN_ABOUT_RETURN_TYPE = YES_ERROR;
				GCC_WARN_UNDECLARED_SELECTOR = YES;
				GCC_WARN_UNINITIALIZED_AUTOS = YES_AGGRESSIVE;
				GCC_WARN_UNUSED_FUNCTION = YES;
				GCC_WARN_UNUSED_VARIABLE = YES;
				IPHONEOS_DEPLOYMENT_TARGET = 16.4;
				MTL_ENABLE_DEBUG_INFO = NO;
				MTL_FAST_MATH = YES;
				SDKROOT = iphoneos;
				SWIFT_COMPILATION_MODE = wholemodule;
				SWIFT_OPTIMIZATION_LEVEL = "-O";
				VALIDATE_PRODUCT = YES;
			};
			name = Release;
		};
		401F8BDB2AC5A34E00D11958 /* Debug */ = {
			isa = XCBuildConfiguration;
			buildSettings = {
				ASSETCATALOG_COMPILER_APPICON_NAME = AppIcon;
				ASSETCATALOG_COMPILER_GLOBAL_ACCENT_COLOR_NAME = AccentColor;
				CODE_SIGN_STYLE = Automatic;
				CURRENT_PROJECT_VERSION = 1;
				GENERATE_INFOPLIST_FILE = YES;
				INFOPLIST_FILE = Calculator/Info.plist;
				INFOPLIST_KEY_UIApplicationSupportsIndirectInputEvents = YES;
				INFOPLIST_KEY_UILaunchStoryboardName = LaunchScreen;
				INFOPLIST_KEY_UIMainStoryboardFile = Main;
				INFOPLIST_KEY_UISupportedInterfaceOrientations_iPad = "UIInterfaceOrientationPortrait UIInterfaceOrientationPortraitUpsideDown UIInterfaceOrientationLandscapeLeft UIInterfaceOrientationLandscapeRight";
				INFOPLIST_KEY_UISupportedInterfaceOrientations_iPhone = "UIInterfaceOrientationPortrait UIInterfaceOrientationLandscapeLeft UIInterfaceOrientationLandscapeRight";
				LD_RUNPATH_SEARCH_PATHS = (
					"$(inherited)",
					"@executable_path/Frameworks",
				);
				MARKETING_VERSION = 1.0;
				PRODUCT_BUNDLE_IDENTIFIER = com.test.light.Calculator;
				PRODUCT_NAME = "$(TARGET_NAME)";
				SWIFT_EMIT_LOC_STRINGS = YES;
				SWIFT_VERSION = 5.0;
				TARGETED_DEVICE_FAMILY = "1,2";
			};
			name = Debug;
		};
		401F8BDC2AC5A34E00D11958 /* Release */ = {
			isa = XCBuildConfiguration;
			buildSettings = {
				ASSETCATALOG_COMPILER_APPICON_NAME = AppIcon;
				ASSETCATALOG_COMPILER_GLOBAL_ACCENT_COLOR_NAME = AccentColor;
				CODE_SIGN_STYLE = Automatic;
				CURRENT_PROJECT_VERSION = 1;
				GENERATE_INFOPLIST_FILE = YES;
				INFOPLIST_FILE = Calculator/Info.plist;
				INFOPLIST_KEY_UIApplicationSupportsIndirectInputEvents = YES;
				INFOPLIST_KEY_UILaunchStoryboardName = LaunchScreen;
				INFOPLIST_KEY_UIMainStoryboardFile = Main;
				INFOPLIST_KEY_UISupportedInterfaceOrientations_iPad = "UIInterfaceOrientationPortrait UIInterfaceOrientationPortraitUpsideDown UIInterfaceOrientationLandscapeLeft UIInterfaceOrientationLandscapeRight";
				INFOPLIST_KEY_UISupportedInterfaceOrientations_iPhone = "UIInterfaceOrientationPortrait UIInterfaceOrientationLandscapeLeft UIInterfaceOrientationLandscapeRight";
				LD_RUNPATH_SEARCH_PATHS = (
					"$(inherited)",
					"@executable_path/Frameworks",
				);
				MARKETING_VERSION = 1.0;
				PRODUCT_BUNDLE_IDENTIFIER = com.test.light.Calculator;
				PRODUCT_NAME = "$(TARGET_NAME)";
				SWIFT_EMIT_LOC_STRINGS = YES;
				SWIFT_VERSION = 5.0;
				TARGETED_DEVICE_FAMILY = "1,2";
			};
			name = Release;
		};
		401F8BDE2AC5A34E00D11958 /* Debug */ = {
			isa = XCBuildConfiguration;
			buildSettings = {
				ALWAYS_EMBED_SWIFT_STANDARD_LIBRARIES = YES;
				BUNDLE_LOADER = "$(TEST_HOST)";
				CODE_SIGN_STYLE = Automatic;
				CURRENT_PROJECT_VERSION = 1;
				GENERATE_INFOPLIST_FILE = YES;
				IPHONEOS_DEPLOYMENT_TARGET = 16.4;
				MARKETING_VERSION = 1.0;
				PRODUCT_BUNDLE_IDENTIFIER = com.test.light.CalculatorTests;
				PRODUCT_NAME = "$(TARGET_NAME)";
				SWIFT_EMIT_LOC_STRINGS = NO;
				SWIFT_VERSION = 5.0;
				TARGETED_DEVICE_FAMILY = "1,2";
				TEST_HOST = "$(BUILT_PRODUCTS_DIR)/Calculator.app/$(BUNDLE_EXECUTABLE_FOLDER_PATH)/Calculator";
			};
			name = Debug;
		};
		401F8BDF2AC5A34E00D11958 /* Release */ = {
			isa = XCBuildConfiguration;
			buildSettings = {
				ALWAYS_EMBED_SWIFT_STANDARD_LIBRARIES = YES;
				BUNDLE_LOADER = "$(TEST_HOST)";
				CODE_SIGN_STYLE = Automatic;
				CURRENT_PROJECT_VERSION = 1;
				GENERATE_INFOPLIST_FILE = YES;
				IPHONEOS_DEPLOYMENT_TARGET = 16.4;
				MARKETING_VERSION = 1.0;
				PRODUCT_BUNDLE_IDENTIFIER = com.test.light.CalculatorTests;
				PRODUCT_NAME = "$(TARGET_NAME)";
				SWIFT_EMIT_LOC_STRINGS = NO;
				SWIFT_VERSION = 5.0;
				TARGETED_DEVICE_FAMILY = "1,2";
				TEST_HOST = "$(BUILT_PRODUCTS_DIR)/Calculator.app/$(BUNDLE_EXECUTABLE_FOLDER_PATH)/Calculator";
			};
			name = Release;
		};
		401F8BE12AC5A34E00D11958 /* Debug */ = {
			isa = XCBuildConfiguration;
			buildSettings = {
				ALWAYS_EMBED_SWIFT_STANDARD_LIBRARIES = YES;
				CODE_SIGN_STYLE = Automatic;
				CURRENT_PROJECT_VERSION = 1;
				GENERATE_INFOPLIST_FILE = YES;
				MARKETING_VERSION = 1.0;
				PRODUCT_BUNDLE_IDENTIFIER = com.test.light.CalculatorUITests;
				PRODUCT_NAME = "$(TARGET_NAME)";
				SWIFT_EMIT_LOC_STRINGS = NO;
				SWIFT_VERSION = 5.0;
				TARGETED_DEVICE_FAMILY = "1,2";
				TEST_TARGET_NAME = Calculator;
			};
			name = Debug;
		};
		401F8BE22AC5A34E00D11958 /* Release */ = {
			isa = XCBuildConfiguration;
			buildSettings = {
				ALWAYS_EMBED_SWIFT_STANDARD_LIBRARIES = YES;
				CODE_SIGN_STYLE = Automatic;
				CURRENT_PROJECT_VERSION = 1;
				GENERATE_INFOPLIST_FILE = YES;
				MARKETING_VERSION = 1.0;
				PRODUCT_BUNDLE_IDENTIFIER = com.test.light.CalculatorUITests;
				PRODUCT_NAME = "$(TARGET_NAME)";
				SWIFT_EMIT_LOC_STRINGS = NO;
				SWIFT_VERSION = 5.0;
				TARGETED_DEVICE_FAMILY = "1,2";
				TEST_TARGET_NAME = Calculator;
			};
			name = Release;
		};
/* End XCBuildConfiguration section */

/* Begin XCConfigurationList section */
		401F8BAB2AC5A34D00D11958 /* Build configuration list for PBXProject "Calculator" */ = {
			isa = XCConfigurationList;
			buildConfigurations = (
				401F8BD82AC5A34E00D11958 /* Debug */,
				401F8BD92AC5A34E00D11958 /* Release */,
			);
			defaultConfigurationIsVisible = 0;
			defaultConfigurationName = Release;
		};
		401F8BDA2AC5A34E00D11958 /* Build configuration list for PBXNativeTarget "Calculator" */ = {
			isa = XCConfigurationList;
			buildConfigurations = (
				401F8BDB2AC5A34E00D11958 /* Debug */,
				401F8BDC2AC5A34E00D11958 /* Release */,
			);
			defaultConfigurationIsVisible = 0;
			defaultConfigurationName = Release;
		};
		401F8BDD2AC5A34E00D11958 /* Build configuration list for PBXNativeTarget "CalculatorTests" */ = {
			isa = XCConfigurationList;
			buildConfigurations = (
				401F8BDE2AC5A34E00D11958 /* Debug */,
				401F8BDF2AC5A34E00D11958 /* Release */,
			);
			defaultConfigurationIsVisible = 0;
			defaultConfigurationName = Release;
		};
		401F8BE02AC5A34E00D11958 /* Build configuration list for PBXNativeTarget "CalculatorUITests" */ = {
			isa = XCConfigurationList;
			buildConfigurations = (
				401F8BE12AC5A34E00D11958 /* Debug */,
				401F8BE22AC5A34E00D11958 /* Release */,
			);
			defaultConfigurationIsVisible = 0;
			defaultConfigurationName = Release;
		};
/* End XCConfigurationList section */
	};
	rootObject = 401F8BA82AC5A34D00D11958 /* Project object */;
}
